<?xml version="1.0" encoding="utf-8"?>
<Project ToolsVersion="4.0" xmlns="http://schemas.microsoft.com/developer/msbuild/2003">
  <ItemGroup>
    <ClCompile Include="enforce.cpp" />
    <ClCompile Include="Socket.cpp" />
    <ClCompile Include="Packet.cpp" />
    <ClCompile Include="Address.cpp" />
    <ClCompile Include="TcpSocket.cpp" />
    <ClCompile Include="UdpSocket.cpp" />
    <ClCompile Include="SocketException.cpp" />
  </ItemGroup>
  <ItemGroup>
    <Filter Include="include">
      <UniqueIdentifier>{302a13aa-5033-4dae-95e3-ec80952c221a}</UniqueIdentifier>
    </Filter>
    <Filter Include="include\sws">
      <UniqueIdentifier>{00601947-8041-4ed7-ab2e-e75ee02cad54}</UniqueIdentifier>
    </Filter>
  </ItemGroup>
  <ItemGroup>
    <ClInclude Include="..\include\sws\Packet.h">
      <Filter>include\sws</Filter>
    </ClInclude>
    <ClInclude Include="..\include\sws\Socket.h">
      <Filter>include\sws</Filter>
    </ClInclude>
    <ClInclude Include="..\include\sws\SocketError.h">
      <Filter>include\sws</Filter>
    </ClInclude>
    <ClInclude Include="..\include\sws\TcpSocket.h">
      <Filter>include\sws</Filter>
    </ClInclude>
    <ClInclude Include="..\include\sws\typedefs.h">
      <Filter>include\sws</Filter>
    </ClInclude>
    <ClInclude Include="..\include\sws\UdpSocket.h">
      <Filter>include\sws</Filter>
    </ClInclude>
    <ClInclude Include="..\include\sws\Address.h">
      <Filter>include\sws</Filter>
    </ClInclude>
    <ClInclude Include="..\include\sws\enforce.h">
      <Filter>include\sws</Filter>
    </ClInclude>
    <ClInclude Include="..\include\sws\SocketException.h">
      <Filter>include\sws</Filter>
    </ClInclude>
    <ClInclude Include="hash_combine.h" />
  </ItemGroup>
</Project>